
Microsoft Visual Studio Solution File, Format Version 12.00
# Visual Studio 2013
VisualStudioVersion = 12.0.31101.0
MinimumVisualStudioVersion = 10.0.40219.1
Project("{CC5FD16D-436D-48AD-A40C-5A424C6E3E79}") = "Up-Or-Down", "Up-Or-Down\Up-Or-Down.ccproj", "{0230E7A8-280B-43F1-BE46-F2F7620E03C3}"
EndProject
Project("{888888A0-9F3D-457C-B088-3A5042F75D52}") = "WorkerRole1", "WorkerRole1\WorkerRole1.pyproj", "{AA5B047D-6F64-47C5-ABF3-A343FC16145B}"
EndProject
Project("{888888A0-9F3D-457C-B088-3A5042F75D52}") = "WebRole1", "WebRole1\WebRole1.pyproj", "{7B0A3C3D-6AD4-4AC9-9240-648EC0AD727F}"
EndProject
Global
	GlobalSection(SolutionConfigurationPlatforms) = preSolution
		Debug|Any CPU = Debug|Any CPU
		Release|Any CPU = Release|Any CPU
	EndGlobalSection
	GlobalSection(ProjectConfigurationPlatforms) = postSolution
		{0230E7A8-280B-43F1-BE46-F2F7620E03C3}.Debug|Any CPU.ActiveCfg = Debug|Any CPU
		{0230E7A8-280B-43F1-BE46-F2F7620E03C3}.Debug|Any CPU.Build.0 = Debug|Any CPU
		{0230E7A8-280B-43F1-BE46-F2F7620E03C3}.Release|Any CPU.ActiveCfg = Release|Any CPU
		{0230E7A8-280B-43F1-BE46-F2F7620E03C3}.Release|Any CPU.Build.0 = Release|Any CPU
		{AA5B047D-6F64-47C5-ABF3-A343FC16145B}.Debug|Any CPU.ActiveCfg = Debug|Any CPU
		{AA5B047D-6F64-47C5-ABF3-A343FC16145B}.Debug|Any CPU.Build.0 = Debug|Any CPU
		{AA5B047D-6F64-47C5-ABF3-A343FC16145B}.Release|Any CPU.ActiveCfg = Release|Any CPU
		{AA5B047D-6F64-47C5-ABF3-A343FC16145B}.Release|Any CPU.Build.0 = Release|Any CPU
		{7B0A3C3D-6AD4-4AC9-9240-648EC0AD727F}.Debug|Any CPU.ActiveCfg = Debug|Any CPU
		{7B0A3C3D-6AD4-4AC9-9240-648EC0AD727F}.Debug|Any CPU.Build.0 = Debug|Any CPU
		{7B0A3C3D-6AD4-4AC9-9240-648EC0AD727F}.Release|Any CPU.ActiveCfg = Release|Any CPU
		{7B0A3C3D-6AD4-4AC9-9240-648EC0AD727F}.Release|Any CPU.Build.0 = Release|Any CPU
	EndGlobalSection
	GlobalSection(SolutionProperties) = preSolution
		HideSolutionNode = FALSE
	EndGlobalSection
EndGlobal
